
Microsoft Visual Studio Solution File, Format Version 12.00
# Visual Studio Version 17
VisualStudioVersion = 17.10.35122.118
MinimumVisualStudioVersion = 10.0.40219.1
Project("{FAE04EC0-301F-11D3-BF4B-00C04F79EFBC}") = "PlayMp3sForever", "PlayMp3sForever.csproj", "{6FB4AF5F-00A0-476A-A717-333309587149}"
EndProject
Global
	GlobalSection(SolutionConfigurationPlatforms) = preSolution
		Debug|Any CPU = Debug|Any CPU
		Release|Any CPU = Release|Any CPU
	EndGlobalSection
	GlobalSection(ProjectConfigurationPlatforms) = postSolution
		{6FB4AF5F-00A0-476A-A717-333309587149}.Debug|Any CPU.ActiveCfg = Debug|Any CPU
		{6FB4AF5F-00A0-476A-A717-333309587149}.Debug|Any CPU.Build.0 = Debug|Any CPU
		{6FB4AF5F-00A0-476A-A717-333309587149}.Debug|Any CPU.Deploy.0 = Debug|Any CPU
		{6FB4AF5F-00A0-476A-A717-333309587149}.Release|Any CPU.ActiveCfg = Release|Any CPU
		{6FB4AF5F-00A0-476A-A717-333309587149}.Release|Any CPU.Build.0 = Release|Any CPU
		{6FB4AF5F-00A0-476A-A717-333309587149}.Release|Any CPU.Deploy.0 = Release|Any CPU
	EndGlobalSection
	GlobalSection(SolutionProperties) = preSolution
		HideSolutionNode = FALSE
	EndGlobalSection
	GlobalSection(ExtensibilityGlobals) = postSolution
		SolutionGuid = {BE66D8B3-13A9-4051-8959-192B1E17F99E}
	EndGlobalSection
EndGlobal
